
Microsoft Visual Studio Solution File, Format Version 12.00
# Visual Studio 2013
VisualStudioVersion = 12.0.31101.0
MinimumVisualStudioVersion = 10.0.40219.1
Project("{FAE04EC0-301F-11D3-BF4B-00C04F79EFBC}") = "Steganography", "Steganography\Steganography.csproj", "{87A89904-74C8-4110-AD65-0D45FD74565C}"
EndProject
Project("{2150E333-8FDC-42A3-9474-1A3956D46DE8}") = "Misc", "Misc", "{CEF3DF99-2D17-4C63-A4C8-344F8EC0FADF}"
	ProjectSection(SolutionItems) = preProject
		README.txt = README.txt
	EndProjectSection
EndProject
Project("{FAE04EC0-301F-11D3-BF4B-00C04F79EFBC}") = "SteganographyLibrary", "SteganographyLibrary\SteganographyLibrary.csproj", "{872292B8-931F-460E-BFFB-21D05FF2723D}"
EndProject
Project("{FAE04EC0-301F-11D3-BF4B-00C04F79EFBC}") = "SteganographyLibrary.Test", "SteganographyLibrary.Test\SteganographyLibrary.Test.csproj", "{192B1A0A-6CB6-472A-A696-CA83287FCD27}"
EndProject
Global
	GlobalSection(SolutionConfigurationPlatforms) = preSolution
		Debug|Any CPU = Debug|Any CPU
		Release|Any CPU = Release|Any CPU
	EndGlobalSection
	GlobalSection(ProjectConfigurationPlatforms) = postSolution
		{87A89904-74C8-4110-AD65-0D45FD74565C}.Debug|Any CPU.ActiveCfg = Debug|Any CPU
		{87A89904-74C8-4110-AD65-0D45FD74565C}.Debug|Any CPU.Build.0 = Debug|Any CPU
		{87A89904-74C8-4110-AD65-0D45FD74565C}.Release|Any CPU.ActiveCfg = Release|Any CPU
		{87A89904-74C8-4110-AD65-0D45FD74565C}.Release|Any CPU.Build.0 = Release|Any CPU
		{872292B8-931F-460E-BFFB-21D05FF2723D}.Debug|Any CPU.ActiveCfg = Debug|Any CPU
		{872292B8-931F-460E-BFFB-21D05FF2723D}.Debug|Any CPU.Build.0 = Debug|Any CPU
		{872292B8-931F-460E-BFFB-21D05FF2723D}.Release|Any CPU.ActiveCfg = Release|Any CPU
		{872292B8-931F-460E-BFFB-21D05FF2723D}.Release|Any CPU.Build.0 = Release|Any CPU
		{192B1A0A-6CB6-472A-A696-CA83287FCD27}.Debug|Any CPU.ActiveCfg = Debug|Any CPU
		{192B1A0A-6CB6-472A-A696-CA83287FCD27}.Debug|Any CPU.Build.0 = Debug|Any CPU
		{192B1A0A-6CB6-472A-A696-CA83287FCD27}.Release|Any CPU.ActiveCfg = Release|Any CPU
	EndGlobalSection
	GlobalSection(SolutionProperties) = preSolution
		HideSolutionNode = FALSE
	EndGlobalSection
EndGlobal
